
Microsoft Visual Studio Solution File, Format Version 12.00
# Visual Studio Version 16
VisualStudioVersion = 16.0.30907.101
MinimumVisualStudioVersion = 10.0.40219.1
Project("{FAE04EC0-301F-11D3-BF4B-00C04F79EFBC}") = "SocialNetwork", "SocialNetwork\SocialNetwork.csproj", "{EBAD782F-840C-4ED0-983E-9AF4CFAE67EE}"
EndProject
Global
	GlobalSection(SolutionConfigurationPlatforms) = preSolution
		Debug|Any CPU = Debug|Any CPU
		Release|Any CPU = Release|Any CPU
	EndGlobalSection
	GlobalSection(ProjectConfigurationPlatforms) = postSolution
		{EBAD782F-840C-4ED0-983E-9AF4CFAE67EE}.Debug|Any CPU.ActiveCfg = Debug|Any CPU
		{EBAD782F-840C-4ED0-983E-9AF4CFAE67EE}.Debug|Any CPU.Build.0 = Debug|Any CPU
		{EBAD782F-840C-4ED0-983E-9AF4CFAE67EE}.Release|Any CPU.ActiveCfg = Release|Any CPU
		{EBAD782F-840C-4ED0-983E-9AF4CFAE67EE}.Release|Any CPU.Build.0 = Release|Any CPU
	EndGlobalSection
	GlobalSection(SolutionProperties) = preSolution
		HideSolutionNode = FALSE
	EndGlobalSection
	GlobalSection(ExtensibilityGlobals) = postSolution
		SolutionGuid = {DF8FA932-097E-49B2-87E8-A2C831CFE31E}
	EndGlobalSection
EndGlobal
